
Microsoft Visual Studio Solution File, Format Version 12.00
# Visual Studio Version 16
VisualStudioVersion = 16.0.29326.143
MinimumVisualStudioVersion = 10.0.40219.1
Project("{FAE04EC0-301F-11D3-BF4B-00C04F79EFBC}") = "Lab01-ExceptionHandling", "Lab01-ExceptionHandling\Lab01-ExceptionHandling.csproj", "{30CB95BA-33E4-4C2B-9450-84B0C8A196DD}"
EndProject
Global
	GlobalSection(SolutionConfigurationPlatforms) = preSolution
		Debug|Any CPU = Debug|Any CPU
		Release|Any CPU = Release|Any CPU
	EndGlobalSection
	GlobalSection(ProjectConfigurationPlatforms) = postSolution
		{30CB95BA-33E4-4C2B-9450-84B0C8A196DD}.Debug|Any CPU.ActiveCfg = Debug|Any CPU
		{30CB95BA-33E4-4C2B-9450-84B0C8A196DD}.Debug|Any CPU.Build.0 = Debug|Any CPU
		{30CB95BA-33E4-4C2B-9450-84B0C8A196DD}.Release|Any CPU.ActiveCfg = Release|Any CPU
		{30CB95BA-33E4-4C2B-9450-84B0C8A196DD}.Release|Any CPU.Build.0 = Release|Any CPU
	EndGlobalSection
	GlobalSection(SolutionProperties) = preSolution
		HideSolutionNode = FALSE
	EndGlobalSection
	GlobalSection(ExtensibilityGlobals) = postSolution
		SolutionGuid = {EA7EB613-9904-4F2A-A7EE-5A1956FB2FB0}
	EndGlobalSection
EndGlobal
